// !$*UTF8*$!
{
	archiveVersion = 1;
	classes = {
	};
	objectVersion = 46;
	objects = {

/* Begin PBXBuildFile section */
		8405576A1B3634AC00BBFC11 /* main.m in Sources */ = {isa = PBXBuildFile; fileRef = 840557691B3634AC00BBFC11 /* main.m */; };
		8405576D1B3634AC00BBFC11 /* AppDelegate.m in Sources */ = {isa = PBXBuildFile; fileRef = 8405576C1B3634AC00BBFC11 /* AppDelegate.m */; };
		840557731B3634AC00BBFC11 /* Main.storyboard in Resources */ = {isa = PBXBuildFile; fileRef = 840557711B3634AC00BBFC11 /* Main.storyboard */; };
		840557751B3634AC00BBFC11 /* Images.xcassets in Resources */ = {isa = PBXBuildFile; fileRef = 840557741B3634AC00BBFC11 /* Images.xcassets */; };
		840557781B3634AC00BBFC11 /* LaunchScreen.xib in Resources */ = {isa = PBXBuildFile; fileRef = 840557761B3634AC00BBFC11 /* LaunchScreen.xib */; };
		840557841B3634AC00BBFC11 /* MedicusTests.m in Sources */ = {isa = PBXBuildFile; fileRef = 840557831B3634AC00BBFC11 /* MedicusTests.m */; };
		8405578F1B36363B00BBFC11 /* Medicus.m in Sources */ = {isa = PBXBuildFile; fileRef = 8405578E1B36363B00BBFC11 /* Medicus.m */; };
/* End PBXBuildFile section */

/* Begin PBXContainerItemProxy section */
		8405577E1B3634AC00BBFC11 /* PBXContainerItemProxy */ = {
			isa = PBXContainerItemProxy;
			containerPortal = 8405575C1B3634AC00BBFC11 /* Project object */;
			proxyType = 1;
			remoteGlobalIDString = 840557631B3634AC00BBFC11;
			remoteInfo = Medicus;
		};
/* End PBXContainerItemProxy section */

/* Begin PBXFileReference section */
		840557641B3634AC00BBFC11 /* Medicus.app */ = {isa = PBXFileReference; explicitFileType = wrapper.application; includeInIndex = 0; path = Medicus.app; sourceTree = BUILT_PRODUCTS_DIR; };
		840557681B3634AC00BBFC11 /* Info.plist */ = {isa = PBXFileReference; lastKnownFileType = text.plist.xml; path = Info.plist; sourceTree = "<group>"; };
		840557691B3634AC00BBFC11 /* main.m */ = {isa = PBXFileReference; lastKnownFileType = sourcecode.c.objc; path = main.m; sourceTree = "<group>"; };
		8405576B1B3634AC00BBFC11 /* AppDelegate.h */ = {isa = PBXFileReference; lastKnownFileType = sourcecode.c.h; path = AppDelegate.h; sourceTree = "<group>"; };
		8405576C1B3634AC00BBFC11 /* AppDelegate.m */ = {isa = PBXFileReference; lastKnownFileType = sourcecode.c.objc; path = AppDelegate.m; sourceTree = "<group>"; };
		840557721B3634AC00BBFC11 /* Base */ = {isa = PBXFileReference; lastKnownFileType = file.storyboard; name = Base; path = Base.lproj/Main.storyboard; sourceTree = "<group>"; };
		840557741B3634AC00BBFC11 /* Images.xcassets */ = {isa = PBXFileReference; lastKnownFileType = folder.assetcatalog; path = Images.xcassets; sourceTree = "<group>"; };
		840557771B3634AC00BBFC11 /* Base */ = {isa = PBXFileReference; lastKnownFileType = file.xib; name = Base; path = Base.lproj/LaunchScreen.xib; sourceTree = "<group>"; };
		8405577D1B3634AC00BBFC11 /* MedicusTests.xctest */ = {isa = PBXFileReference; explicitFileType = wrapper.cfbundle; includeInIndex = 0; path = MedicusTests.xctest; sourceTree = BUILT_PRODUCTS_DIR; };
		840557821B3634AC00BBFC11 /* Info.plist */ = {isa = PBXFileReference; lastKnownFileType = text.plist.xml; path = Info.plist; sourceTree = "<group>"; };
		840557831B3634AC00BBFC11 /* MedicusTests.m */ = {isa = PBXFileReference; lastKnownFileType = sourcecode.c.objc; path = MedicusTests.m; sourceTree = "<group>"; };
		8405578D1B36363B00BBFC11 /* Medicus.h */ = {isa = PBXFileReference; fileEncoding = 4; lastKnownFileType = sourcecode.c.h; path = Medicus.h; sourceTree = "<group>"; };
		8405578E1B36363B00BBFC11 /* Medicus.m */ = {isa = PBXFileReference; fileEncoding = 4; lastKnownFileType = sourcecode.c.objc; path = Medicus.m; sourceTree = "<group>"; };
/* End PBXFileReference section */

/* Begin PBXFrameworksBuildPhase section */
		840557611B3634AC00BBFC11 /* Frameworks */ = {
			isa = PBXFrameworksBuildPhase;
			buildActionMask = 2147483647;
			files = (
			);
			runOnlyForDeploymentPostprocessing = 0;
		};
		8405577A1B3634AC00BBFC11 /* Frameworks */ = {
			isa = PBXFrameworksBuildPhase;
			buildActionMask = 2147483647;
			files = (
			);
			runOnlyForDeploymentPostprocessing = 0;
		};
/* End PBXFrameworksBuildPhase section */

/* Begin PBXGroup section */
		8405575B1B3634AC00BBFC11 = {
			isa = PBXGroup;
			children = (
				840557661B3634AC00BBFC11 /* Medicus */,
				840557801B3634AC00BBFC11 /* MedicusTests */,
				840557651B3634AC00BBFC11 /* Products */,
			);
			sourceTree = "<group>";
		};
		840557651B3634AC00BBFC11 /* Products */ = {
			isa = PBXGroup;
			children = (
				840557641B3634AC00BBFC11 /* Medicus.app */,
				8405577D1B3634AC00BBFC11 /* MedicusTests.xctest */,
			);
			name = Products;
			sourceTree = "<group>";
		};
		840557661B3634AC00BBFC11 /* Medicus */ = {
			isa = PBXGroup;
			children = (
				8405576B1B3634AC00BBFC11 /* AppDelegate.h */,
				8405576C1B3634AC00BBFC11 /* AppDelegate.m */,
				8405578D1B36363B00BBFC11 /* Medicus.h */,
				8405578E1B36363B00BBFC11 /* Medicus.m */,
				840557711B3634AC00BBFC11 /* Main.storyboard */,
				840557741B3634AC00BBFC11 /* Images.xcassets */,
				840557761B3634AC00BBFC11 /* LaunchScreen.xib */,
				840557671B3634AC00BBFC11 /* Supporting Files */,
			);
			path = Medicus;
			sourceTree = "<group>";
		};
		840557671B3634AC00BBFC11 /* Supporting Files */ = {
			isa = PBXGroup;
			children = (
				840557681B3634AC00BBFC11 /* Info.plist */,
				840557691B3634AC00BBFC11 /* main.m */,
			);
			name = "Supporting Files";
			sourceTree = "<group>";
		};
		840557801B3634AC00BBFC11 /* MedicusTests */ = {
			isa = PBXGroup;
			children = (
				840557831B3634AC00BBFC11 /* MedicusTests.m */,
				840557811B3634AC00BBFC11 /* Supporting Files */,
			);
			path = MedicusTests;
			sourceTree = "<group>";
		};
		840557811B3634AC00BBFC11 /* Supporting Files */ = {
			isa = PBXGroup;
			children = (
				840557821B3634AC00BBFC11 /* Info.plist */,
			);
			name = "Supporting Files";
			sourceTree = "<group>";
		};
/* End PBXGroup section */

/* Begin PBXNativeTarget section */
		840557631B3634AC00BBFC11 /* Medicus */ = {
			isa = PBXNativeTarget;
			buildConfigurationList = 840557871B3634AC00BBFC11 /* Build configuration list for PBXNativeTarget "Medicus" */;
			buildPhases = (
				840557601B3634AC00BBFC11 /* Sources */,
				840557611B3634AC00BBFC11 /* Frameworks */,
				840557621B3634AC00BBFC11 /* Resources */,
			);
			buildRules = (
			);
			dependencies = (
			);
			name = Medicus;
			productName = Medicus;
			productReference = 840557641B3634AC00BBFC11 /* Medicus.app */;
			productType = "com.apple.product-type.application";
		};
		8405577C1B3634AC00BBFC11 /* MedicusTests */ = {
			isa = PBXNativeTarget;
			buildConfigurationList = 8405578A1B3634AC00BBFC11 /* Build configuration list for PBXNativeTarget "MedicusTests" */;
			buildPhases = (
				840557791B3634AC00BBFC11 /* Sources */,
				8405577A1B3634AC00BBFC11 /* Frameworks */,
				8405577B1B3634AC00BBFC11 /* Resources */,
			);
			buildRules = (
			);
			dependencies = (
				8405577F1B3634AC00BBFC11 /* PBXTargetDependency */,
			);
			name = MedicusTests;
			productName = MedicusTests;
			productReference = 8405577D1B3634AC00BBFC11 /* MedicusTests.xctest */;
			productType = "com.apple.product-type.bundle.unit-test";
		};
/* End PBXNativeTarget section */

/* Begin PBXProject section */
		8405575C1B3634AC00BBFC11 /* Project object */ = {
			isa = PBXProject;
			attributes = {
				LastUpgradeCheck = 0630;
				ORGANIZATIONNAME = "michael chiong";
				TargetAttributes = {
					840557631B3634AC00BBFC11 = {
						CreatedOnToolsVersion = 6.3.2;
					};
					8405577C1B3634AC00BBFC11 = {
						CreatedOnToolsVersion = 6.3.2;
						TestTargetID = 840557631B3634AC00BBFC11;
					};
				};
			};
			buildConfigurationList = 8405575F1B3634AC00BBFC11 /* Build configuration list for PBXProject "Medicus" */;
			compatibilityVersion = "Xcode 3.2";
			developmentRegion = English;
			hasScannedForEncodings = 0;
			knownRegions = (
				en,
				Base,
			);
			mainGroup = 8405575B1B3634AC00BBFC11;
			productRefGroup = 840557651B3634AC00BBFC11 /* Products */;
			projectDirPath = "";
			projectRoot = "";
			targets = (
				840557631B3634AC00BBFC11 /* Medicus */,
				8405577C1B3634AC00BBFC11 /* MedicusTests */,
			);
		};
/* End PBXProject section */

/* Begin PBXResourcesBuildPhase section */
		840557621B3634AC00BBFC11 /* Resources */ = {
			isa = PBXResourcesBuildPhase;
			buildActionMask = 2147483647;
			files = (
				840557731B3634AC00BBFC11 /* Main.storyboard in Resources */,
				840557781B3634AC00BBFC11 /* LaunchScreen.xib in Resources */,
				840557751B3634AC00BBFC11 /* Images.xcassets in Resources */,
			);
			runOnlyForDeploymentPostprocessing = 0;
		};
		8405577B1B3634AC00BBFC11 /* Resources */ = {
			isa = PBXResourcesBuildPhase;
			buildActionMask = 2147483647;
			files = (
			);
			runOnlyForDeploymentPostprocessing = 0;
		};
/* End PBXResourcesBuildPhase section */

/* Begin PBXSourcesBuildPhase section */
		840557601B3634AC00BBFC11 /* Sources */ = {
			isa = PBXSourcesBuildPhase;
			buildActionMask = 2147483647;
			files = (
				8405576D1B3634AC00BBFC11 /* AppDelegate.m in Sources */,
				8405578F1B36363B00BBFC11 /* Medicus.m in Sources */,
				8405576A1B3634AC00BBFC11 /* main.m in Sources */,
			);
			runOnlyForDeploymentPostprocessing = 0;
		};
		840557791B3634AC00BBFC11 /* Sources */ = {
			isa = PBXSourcesBuildPhase;
			buildActionMask = 2147483647;
			files = (
				840557841B3634AC00BBFC11 /* MedicusTests.m in Sources */,
			);
			runOnlyForDeploymentPostprocessing = 0;
		};
/* End PBXSourcesBuildPhase section */

/* Begin PBXTargetDependency section */
		8405577F1B3634AC00BBFC11 /* PBXTargetDependency */ = {
			isa = PBXTargetDependency;
			target = 840557631B3634AC00BBFC11 /* Medicus */;
			targetProxy = 8405577E1B3634AC00BBFC11 /* PBXContainerItemProxy */;
		};
/* End PBXTargetDependency section */

/* Begin PBXVariantGroup section */
		840557711B3634AC00BBFC11 /* Main.storyboard */ = {
			isa = PBXVariantGroup;
			children = (
				840557721B3634AC00BBFC11 /* Base */,
			);
			name = Main.storyboard;
			sourceTree = "<group>";
		};
		840557761B3634AC00BBFC11 /* LaunchScreen.xib */ = {
			isa = PBXVariantGroup;
			children = (
				840557771B3634AC00BBFC11 /* Base */,
			);
			name = LaunchScreen.xib;
			sourceTree = "<group>";
		};
/* End PBXVariantGroup section */

/* Begin XCBuildConfiguration section */
		840557851B3634AC00BBFC11 /* Debug */ = {
			isa = XCBuildConfiguration;
			buildSettings = {
				ALWAYS_SEARCH_USER_PATHS = NO;
				CLANG_CXX_LANGUAGE_STANDARD = "gnu++0x";
				CLANG_CXX_LIBRARY = "libc++";
				CLANG_ENABLE_MODULES = YES;
				CLANG_ENABLE_OBJC_ARC = YES;
				CLANG_WARN_BOOL_CONVERSION = YES;
				CLANG_WARN_CONSTANT_CONVERSION = YES;
				CLANG_WARN_DIRECT_OBJC_ISA_USAGE = YES_ERROR;
				CLANG_WARN_EMPTY_BODY = YES;
				CLANG_WARN_ENUM_CONVERSION = YES;
				CLANG_WARN_INT_CONVERSION = YES;
				CLANG_WARN_OBJC_ROOT_CLASS = YES_ERROR;
				CLANG_WARN_UNREACHABLE_CODE = YES;
				CLANG_WARN__DUPLICATE_METHOD_MATCH = YES;
				"CODE_SIGN_IDENTITY[sdk=iphoneos*]" = "iPhone Developer";
				COPY_PHASE_STRIP = NO;
				DEBUG_INFORMATION_FORMAT = "dwarf-with-dsym";
				ENABLE_STRICT_OBJC_MSGSEND = YES;
				GCC_C_LANGUAGE_STANDARD = gnu99;
				GCC_DYNAMIC_NO_PIC = NO;
				GCC_NO_COMMON_BLOCKS = YES;
				GCC_OPTIMIZATION_LEVEL = 0;
				GCC_PREPROCESSOR_DEFINITIONS = (
					"DEBUG=1",
					"$(inherited)",
				);
				GCC_SYMBOLS_PRIVATE_EXTERN = NO;
				GCC_WARN_64_TO_32_BIT_CONVERSION = YES;
				GCC_WARN_ABOUT_RETURN_TYPE = YES_ERROR;
				GCC_WARN_UNDECLARED_SELECTOR = YES;
				GCC_WARN_UNINITIALIZED_AUTOS = YES_AGGRESSIVE;
				GCC_WARN_UNUSED_FUNCTION = YES;
				GCC_WARN_UNUSED_VARIABLE = YES;
				IPHONEOS_DEPLOYMENT_TARGET = 8.3;
				MTL_ENABLE_DEBUG_INFO = YES;
				ONLY_ACTIVE_ARCH = YES;
				SDKROOT = iphoneos;
			};
			name = Debug;
		};
		840557861B3634AC00BBFC11 /* Release */ = {
			isa = XCBuildConfiguration;
			buildSettings = {
				ALWAYS_SEARCH_USER_PATHS = NO;
				CLANG_CXX_LANGUAGE_STANDARD = "gnu++0x";
				CLANG_CXX_LIBRARY = "libc++";
				CLANG_ENABLE_MODULES = YES;
				CLANG_ENABLE_OBJC_ARC = YES;
				CLANG_WARN_BOOL_CONVERSION = YES;
				CLANG_WARN_CONSTANT_CONVERSION = YES;
				CLANG_WARN_DIRECT_OBJC_ISA_USAGE = YES_ERROR;
				CLANG_WARN_EMPTY_BODY = YES;
				CLANG_WARN_ENUM_CONVERSION = YES;
				CLANG_WARN_INT_CONVERSION = YES;
				CLANG_WARN_OBJC_ROOT_CLASS = YES_ERROR;
				CLANG_WARN_UNREACHABLE_CODE = YES;
				CLANG_WARN__DUPLICATE_METHOD_MATCH = YES;
				"CODE_SIGN_IDENTITY[sdk=iphoneos*]" = "iPhone Developer";
				COPY_PHASE_STRIP = NO;
				DEBUG_INFORMATION_FORMAT = "dwarf-with-dsym";
				ENABLE_NS_ASSERTIONS = NO;
				ENABLE_STRICT_OBJC_MSGSEND = YES;
				GCC_C_LANGUAGE_STANDARD = gnu99;
				GCC_NO_COMMON_BLOCKS = YES;
				GCC_WARN_64_TO_32_BIT_CONVERSION = YES;
				GCC_WARN_ABOUT_RETURN_TYPE = YES_ERROR;
				GCC_WARN_UNDECLARED_SELECTOR = YES;
				GCC_WARN_UNINITIALIZED_AUTOS = YES_AGGRESSIVE;
				GCC_WARN_UNUSED_FUNCTION = YES;
				GCC_WARN_UNUSED_VARIABLE = YES;
				IPHONEOS_DEPLOYMENT_TARGET = 8.3;
				MTL_ENABLE_DEBUG_INFO = NO;
				SDKROOT = iphoneos;
				VALIDATE_PRODUCT = YES;
			};
			name = Release;
		};
		840557881B3634AC00BBFC11 /* Debug */ = {
			isa = XCBuildConfiguration;
			buildSettings = {
				ASSETCATALOG_COMPILER_APPICON_NAME = AppIcon;
				INFOPLIST_FILE = Medicus/Info.plist;
				LD_RUNPATH_SEARCH_PATHS = "$(inherited) @executable_path/Frameworks";
				PRODUCT_NAME = "$(TARGET_NAME)";
			};
			name = Debug;
		};
		840557891B3634AC00BBFC11 /* Release */ = {
			isa = XCBuildConfiguration;
			buildSettings = {
				ASSETCATALOG_COMPILER_APPICON_NAME = AppIcon;
				INFOPLIST_FILE = Medicus/Info.plist;
				LD_RUNPATH_SEARCH_PATHS = "$(inherited) @executable_path/Frameworks";
				PRODUCT_NAME = "$(TARGET_NAME)";
			};
			name = Release;
		};
		8405578B1B3634AC00BBFC11 /* Debug */ = {
			isa = XCBuildConfiguration;
			buildSettings = {
				BUNDLE_LOADER = "$(TEST_HOST)";
				FRAMEWORK_SEARCH_PATHS = (
					"$(SDKROOT)/Developer/Library/Frameworks",
					"$(inherited)",
				);
				GCC_PREPROCESSOR_DEFINITIONS = (
					"DEBUG=1",
					"$(inherited)",
				);
				INFOPLIST_FILE = MedicusTests/Info.plist;
				LD_RUNPATH_SEARCH_PATHS = "$(inherited) @executable_path/Frameworks @loader_path/Frameworks";
				PRODUCT_NAME = "$(TARGET_NAME)";
				TEST_HOST = "$(BUILT_PRODUCTS_DIR)/Medicus.app/Medicus";
			};
			name = Debug;
		};
		8405578C1B3634AC00BBFC11 /* Release */ = {
			isa = XCBuildConfiguration;
			buildSettings = {
				BUNDLE_LOADER = "$(TEST_HOST)";
				FRAMEWORK_SEARCH_PATHS = (
					"$(SDKROOT)/Developer/Library/Frameworks",
					"$(inherited)",
				);
				INFOPLIST_FILE = MedicusTests/Info.plist;
				LD_RUNPATH_SEARCH_PATHS = "$(inherited) @executable_path/Frameworks @loader_path/Frameworks";
				PRODUCT_NAME = "$(TARGET_NAME)";
				TEST_HOST = "$(BUILT_PRODUCTS_DIR)/Medicus.app/Medicus";
			};
			name = Release;
		};
/* End XCBuildConfiguration section */

/* Begin XCConfigurationList section */
		8405575F1B3634AC00BBFC11 /* Build configuration list for PBXProject "Medicus" */ = {
			isa = XCConfigurationList;
			buildConfigurations = (
				840557851B3634AC00BBFC11 /* Debug */,
				840557861B3634AC00BBFC11 /* Release */,
			);
			defaultConfigurationIsVisible = 0;
			defaultConfigurationName = Release;
		};
		840557871B3634AC00BBFC11 /* Build configuration list for PBXNativeTarget "Medicus" */ = {
			isa = XCConfigurationList;
			buildConfigurations = (
				840557881B3634AC00BBFC11 /* Debug */,
				840557891B3634AC00BBFC11 /* Release */,
			);
			defaultConfigurationIsVisible = 0;
		};
		8405578A1B3634AC00BBFC11 /* Build configuration list for PBXNativeTarget "MedicusTests" */ = {
			isa = XCConfigurationList;
			buildConfigurations = (
				8405578B1B3634AC00BBFC11 /* Debug */,
				8405578C1B3634AC00BBFC11 /* Release */,
			);
			defaultConfigurationIsVisible = 0;
		};
/* End XCConfigurationList section */
	};
	rootObject = 8405575C1B3634AC00BBFC11 /* Project object */;
}
